
Microsoft Visual Studio Solution File, Format Version 12.00
# Visual Studio Version 17
VisualStudioVersion = 17.9.34622.214
MinimumVisualStudioVersion = 10.0.40219.1
Project("{FAE04EC0-301F-11D3-BF4B-00C04F79EFBC}") = "PresentationLayer", "MusicHarpV1\PresentationLayer.csproj", "{D007B6EA-18D1-45B4-88D0-8F34BD7FE64C}"
EndProject
Project("{FAE04EC0-301F-11D3-BF4B-00C04F79EFBC}") = "BusinessLogicLayer", "BusinessLogicLayer\BusinessLogicLayer.csproj", "{245923CC-021C-4813-A2B1-E11E8D819F6D}"
EndProject
Project("{FAE04EC0-301F-11D3-BF4B-00C04F79EFBC}") = "DataLogicLayer", "DataLogicLayer\DataLogicLayer.csproj", "{77F640BD-2ADB-4743-B8EA-8C528D1AFB88}"
EndProject
Global
	GlobalSection(SolutionConfigurationPlatforms) = preSolution
		Debug|Any CPU = Debug|Any CPU
		Release|Any CPU = Release|Any CPU
	EndGlobalSection
	GlobalSection(ProjectConfigurationPlatforms) = postSolution
		{D007B6EA-18D1-45B4-88D0-8F34BD7FE64C}.Debug|Any CPU.ActiveCfg = Debug|Any CPU
		{D007B6EA-18D1-45B4-88D0-8F34BD7FE64C}.Debug|Any CPU.Build.0 = Debug|Any CPU
		{D007B6EA-18D1-45B4-88D0-8F34BD7FE64C}.Release|Any CPU.ActiveCfg = Release|Any CPU
		{D007B6EA-18D1-45B4-88D0-8F34BD7FE64C}.Release|Any CPU.Build.0 = Release|Any CPU
		{245923CC-021C-4813-A2B1-E11E8D819F6D}.Debug|Any CPU.ActiveCfg = Debug|Any CPU
		{245923CC-021C-4813-A2B1-E11E8D819F6D}.Debug|Any CPU.Build.0 = Debug|Any CPU
		{245923CC-021C-4813-A2B1-E11E8D819F6D}.Release|Any CPU.ActiveCfg = Release|Any CPU
		{245923CC-021C-4813-A2B1-E11E8D819F6D}.Release|Any CPU.Build.0 = Release|Any CPU
		{77F640BD-2ADB-4743-B8EA-8C528D1AFB88}.Debug|Any CPU.ActiveCfg = Debug|Any CPU
		{77F640BD-2ADB-4743-B8EA-8C528D1AFB88}.Debug|Any CPU.Build.0 = Debug|Any CPU
		{77F640BD-2ADB-4743-B8EA-8C528D1AFB88}.Release|Any CPU.ActiveCfg = Release|Any CPU
		{77F640BD-2ADB-4743-B8EA-8C528D1AFB88}.Release|Any CPU.Build.0 = Release|Any CPU
	EndGlobalSection
	GlobalSection(SolutionProperties) = preSolution
		HideSolutionNode = FALSE
	EndGlobalSection
	GlobalSection(ExtensibilityGlobals) = postSolution
		SolutionGuid = {3306F09F-1F50-4EBF-8000-DB98581AB57F}
	EndGlobalSection
EndGlobal
